
Microsoft Visual Studio Solution File, Format Version 12.00
# Visual Studio Version 16
VisualStudioVersion = 16.0.29001.49
MinimumVisualStudioVersion = 10.0.40219.1
Project("{FAE04EC0-301F-11D3-BF4B-00C04F79EFBC}") = "BooksProject", "BooksProject\BooksProject.csproj", "{6A30EB35-CCDE-4079-9EF4-6EEEFD546D55}"
EndProject
Global
	GlobalSection(SolutionConfigurationPlatforms) = preSolution
		Debug|Any CPU = Debug|Any CPU
		Release|Any CPU = Release|Any CPU
	EndGlobalSection
	GlobalSection(ProjectConfigurationPlatforms) = postSolution
		{6A30EB35-CCDE-4079-9EF4-6EEEFD546D55}.Debug|Any CPU.ActiveCfg = Debug|Any CPU
		{6A30EB35-CCDE-4079-9EF4-6EEEFD546D55}.Debug|Any CPU.Build.0 = Debug|Any CPU
		{6A30EB35-CCDE-4079-9EF4-6EEEFD546D55}.Release|Any CPU.ActiveCfg = Release|Any CPU
		{6A30EB35-CCDE-4079-9EF4-6EEEFD546D55}.Release|Any CPU.Build.0 = Release|Any CPU
	EndGlobalSection
	GlobalSection(SolutionProperties) = preSolution
		HideSolutionNode = FALSE
	EndGlobalSection
	GlobalSection(ExtensibilityGlobals) = postSolution
		SolutionGuid = {BD4AD7DC-04CF-4064-827F-C251ADA47DEC}
	EndGlobalSection
EndGlobal
